
Microsoft Visual Studio Solution File, Format Version 12.00
# Visual Studio Version 17
VisualStudioVersion = 17.14.36429.23 d17.14
MinimumVisualStudioVersion = 10.0.40219.1
Project("{54A90642-561A-4BB1-A94E-469ADEE60C69}") = "atsrecruitsys.client", "atsrecruitsys.client\atsrecruitsys.client.esproj", "{FB48BA18-9732-321C-19CF-202EBE4ADA16}"
EndProject
Project("{FAE04EC0-301F-11D3-BF4B-00C04F79EFBC}") = "ATSRecruitSys.Server", "ATSRecruitSys.Server\ATSRecruitSys.Server.csproj", "{C3750B2D-C53A-4E1E-9187-108AF21BEB74}"
EndProject
Global
	GlobalSection(SolutionConfigurationPlatforms) = preSolution
		Debug|Any CPU = Debug|Any CPU
		Release|Any CPU = Release|Any CPU
	EndGlobalSection
	GlobalSection(ProjectConfigurationPlatforms) = postSolution
		{FB48BA18-9732-321C-19CF-202EBE4ADA16}.Debug|Any CPU.ActiveCfg = Debug|Any CPU
		{FB48BA18-9732-321C-19CF-202EBE4ADA16}.Debug|Any CPU.Build.0 = Debug|Any CPU
		{FB48BA18-9732-321C-19CF-202EBE4ADA16}.Debug|Any CPU.Deploy.0 = Debug|Any CPU
		{FB48BA18-9732-321C-19CF-202EBE4ADA16}.Release|Any CPU.ActiveCfg = Release|Any CPU
		{FB48BA18-9732-321C-19CF-202EBE4ADA16}.Release|Any CPU.Build.0 = Release|Any CPU
		{FB48BA18-9732-321C-19CF-202EBE4ADA16}.Release|Any CPU.Deploy.0 = Release|Any CPU
		{C3750B2D-C53A-4E1E-9187-108AF21BEB74}.Debug|Any CPU.ActiveCfg = Debug|Any CPU
		{C3750B2D-C53A-4E1E-9187-108AF21BEB74}.Debug|Any CPU.Build.0 = Debug|Any CPU
		{C3750B2D-C53A-4E1E-9187-108AF21BEB74}.Release|Any CPU.ActiveCfg = Release|Any CPU
		{C3750B2D-C53A-4E1E-9187-108AF21BEB74}.Release|Any CPU.Build.0 = Release|Any CPU
	EndGlobalSection
	GlobalSection(SolutionProperties) = preSolution
		HideSolutionNode = FALSE
	EndGlobalSection
	GlobalSection(ExtensibilityGlobals) = postSolution
		SolutionGuid = {16D420E2-4AC9-4D38-9339-D97E2DCC1BF1}
	EndGlobalSection
EndGlobal
